{
  "name": "eggs",
  "version": "1.0.0",
  "lockfileVersion": 1,
  "requires": true,
  "dependencies": {
    "animate.css": {
      "version": "3.7.2",
      "resolved": "https://registry.npmjs.org/animate.css/-/animate.css-3.7.2.tgz",
      "integrity": "sha512-0bE8zYo7C0KvgOYrSVfrzkbYk6IOTVPNqkiHg2cbyF4Pq/PXzilz4BRWA3hwEUBoMp5VBgrC29lQIZyhRWdBTw=="
    },
    "ed-grid": {
      "version": "2.9.0",
      "resolved": "https://registry.npmjs.org/ed-grid/-/ed-grid-2.9.0.tgz",
      "integrity": "sha512-Ns/i567Ia353R9UCmwg+321IwkZZFO4yVrI12wEhr/WUgqCfB83dN1CD9ISgb5cIP+O1lZmK4dEZr3pMkes6tQ==",
      "dev": true
    },
    "interdimensional": {
      "version": "0.0.2",
      "resolved": "https://registry.npmjs.org/interdimensional/-/interdimensional-0.0.2.tgz",
      "integrity": "sha1-/gvgA/L6MmxYOz08YX7BKgMSOv4="
    },
    "particles.js": {
      "version": "2.0.0",
      "resolved": "https://registry.npmjs.org/particles.js/-/particles.js-2.0.0.tgz",
      "integrity": "sha1-IThsQyjWx/lngKIB6W7t/AnHNvY="
    }
  }
}
